// !$*UTF8*$!
{
	archiveVersion = 1;
	classes = {
	};
	objectVersion = 46;
	objects = {

/* Begin PBXBuildFile section */
		3A812D9A1D2BC8E500F901CB /* AppDelegate.swift in Sources */ = {isa = PBXBuildFile; fileRef = 3A812D991D2BC8E500F901CB /* AppDelegate.swift */; };
		3A812D9C1D2BC8E500F901CB /* ViewController.swift in Sources */ = {isa = PBXBuildFile; fileRef = 3A812D9B1D2BC8E500F901CB /* ViewController.swift */; };
		3A812D9F1D2BC8E500F901CB /* Main.storyboard in Resources */ = {isa = PBXBuildFile; fileRef = 3A812D9D1D2BC8E500F901CB /* Main.storyboard */; };
		3A812DA11D2BC8E500F901CB /* Assets.xcassets in Resources */ = {isa = PBXBuildFile; fileRef = 3A812DA01D2BC8E500F901CB /* Assets.xcassets */; };
		3A812DA41D2BC8E500F901CB /* LaunchScreen.storyboard in Resources */ = {isa = PBXBuildFile; fileRef = 3A812DA21D2BC8E500F901CB /* LaunchScreen.storyboard */; };
		3A812DB71D2BF29200F901CB /* libPayPalMPL.a in Frameworks */ = {isa = PBXBuildFile; fileRef = 3A812DAC1D2BF29200F901CB /* libPayPalMPL.a */; };
		3A812DBE1D2BF2FD00F901CB /* AddressBook.framework in Frameworks */ = {isa = PBXBuildFile; fileRef = 3A812DB91D2BF2FD00F901CB /* AddressBook.framework */; };
		3A812DBF1D2BF2FD00F901CB /* CoreGraphics.framework in Frameworks */ = {isa = PBXBuildFile; fileRef = 3A812DBA1D2BF2FD00F901CB /* CoreGraphics.framework */; };
		3A812DC01D2BF2FD00F901CB /* Security.framework in Frameworks */ = {isa = PBXBuildFile; fileRef = 3A812DBB1D2BF2FD00F901CB /* Security.framework */; };
		3A812DC11D2BF2FD00F901CB /* SystemConfiguration.framework in Frameworks */ = {isa = PBXBuildFile; fileRef = 3A812DBC1D2BF2FD00F901CB /* SystemConfiguration.framework */; };
		3A812DC21D2BF2FD00F901CB /* UIKit.framework in Frameworks */ = {isa = PBXBuildFile; fileRef = 3A812DBD1D2BF2FD00F901CB /* UIKit.framework */; };
		3A812DC41D2BF30D00F901CB /* Foundation.framework in Frameworks */ = {isa = PBXBuildFile; fileRef = 3A812DC31D2BF30D00F901CB /* Foundation.framework */; };
/* End PBXBuildFile section */

/* Begin PBXFileReference section */
		3A812D961D2BC8E500F901CB /* demoPaypal.app */ = {isa = PBXFileReference; explicitFileType = wrapper.application; includeInIndex = 0; path = demoPaypal.app; sourceTree = BUILT_PRODUCTS_DIR; };
		3A812D991D2BC8E500F901CB /* AppDelegate.swift */ = {isa = PBXFileReference; lastKnownFileType = sourcecode.swift; path = AppDelegate.swift; sourceTree = "<group>"; };
		3A812D9B1D2BC8E500F901CB /* ViewController.swift */ = {isa = PBXFileReference; lastKnownFileType = sourcecode.swift; path = ViewController.swift; sourceTree = "<group>"; };
		3A812D9E1D2BC8E500F901CB /* Base */ = {isa = PBXFileReference; lastKnownFileType = file.storyboard; name = Base; path = Base.lproj/Main.storyboard; sourceTree = "<group>"; };
		3A812DA01D2BC8E500F901CB /* Assets.xcassets */ = {isa = PBXFileReference; lastKnownFileType = folder.assetcatalog; path = Assets.xcassets; sourceTree = "<group>"; };
		3A812DA31D2BC8E500F901CB /* Base */ = {isa = PBXFileReference; lastKnownFileType = file.storyboard; name = Base; path = Base.lproj/LaunchScreen.storyboard; sourceTree = "<group>"; };
		3A812DA51D2BC8E500F901CB /* Info.plist */ = {isa = PBXFileReference; lastKnownFileType = text.plist.xml; path = Info.plist; sourceTree = "<group>"; };
		3A812DAC1D2BF29200F901CB /* libPayPalMPL.a */ = {isa = PBXFileReference; lastKnownFileType = archive.ar; path = libPayPalMPL.a; sourceTree = "<group>"; };
		3A812DAD1D2BF29200F901CB /* PayPal.h */ = {isa = PBXFileReference; fileEncoding = 4; lastKnownFileType = sourcecode.c.h; path = PayPal.h; sourceTree = "<group>"; };
		3A812DAE1D2BF29200F901CB /* PayPalAddress.h */ = {isa = PBXFileReference; fileEncoding = 4; lastKnownFileType = sourcecode.c.h; path = PayPalAddress.h; sourceTree = "<group>"; };
		3A812DAF1D2BF29200F901CB /* PayPalAdvancedPayment.h */ = {isa = PBXFileReference; fileEncoding = 4; lastKnownFileType = sourcecode.c.h; path = PayPalAdvancedPayment.h; sourceTree = "<group>"; };
		3A812DB01D2BF29200F901CB /* PayPalAmounts.h */ = {isa = PBXFileReference; fileEncoding = 4; lastKnownFileType = sourcecode.c.h; path = PayPalAmounts.h; sourceTree = "<group>"; };
		3A812DB11D2BF29200F901CB /* PayPalInvoiceData.h */ = {isa = PBXFileReference; fileEncoding = 4; lastKnownFileType = sourcecode.c.h; path = PayPalInvoiceData.h; sourceTree = "<group>"; };
		3A812DB21D2BF29200F901CB /* PayPalInvoiceItem.h */ = {isa = PBXFileReference; fileEncoding = 4; lastKnownFileType = sourcecode.c.h; path = PayPalInvoiceItem.h; sourceTree = "<group>"; };
		3A812DB31D2BF29200F901CB /* PayPalPayment.h */ = {isa = PBXFileReference; fileEncoding = 4; lastKnownFileType = sourcecode.c.h; path = PayPalPayment.h; sourceTree = "<group>"; };
		3A812DB41D2BF29200F901CB /* PayPalPreapprovalDetails.h */ = {isa = PBXFileReference; fileEncoding = 4; lastKnownFileType = sourcecode.c.h; path = PayPalPreapprovalDetails.h; sourceTree = "<group>"; };
		3A812DB51D2BF29200F901CB /* PayPalReceiverAmounts.h */ = {isa = PBXFileReference; fileEncoding = 4; lastKnownFileType = sourcecode.c.h; path = PayPalReceiverAmounts.h; sourceTree = "<group>"; };
		3A812DB61D2BF29200F901CB /* PayPalReceiverPaymentDetails.h */ = {isa = PBXFileReference; fileEncoding = 4; lastKnownFileType = sourcecode.c.h; path = PayPalReceiverPaymentDetails.h; sourceTree = "<group>"; };
		3A812DB91D2BF2FD00F901CB /* AddressBook.framework */ = {isa = PBXFileReference; lastKnownFileType = wrapper.framework; name = AddressBook.framework; path = System/Library/Frameworks/AddressBook.framework; sourceTree = SDKROOT; };
		3A812DBA1D2BF2FD00F901CB /* CoreGraphics.framework */ = {isa = PBXFileReference; lastKnownFileType = wrapper.framework; name = CoreGraphics.framework; path = System/Library/Frameworks/CoreGraphics.framework; sourceTree = SDKROOT; };
		3A812DBB1D2BF2FD00F901CB /* Security.framework */ = {isa = PBXFileReference; lastKnownFileType = wrapper.framework; name = Security.framework; path = System/Library/Frameworks/Security.framework; sourceTree = SDKROOT; };
		3A812DBC1D2BF2FD00F901CB /* SystemConfiguration.framework */ = {isa = PBXFileReference; lastKnownFileType = wrapper.framework; name = SystemConfiguration.framework; path = System/Library/Frameworks/SystemConfiguration.framework; sourceTree = SDKROOT; };
		3A812DBD1D2BF2FD00F901CB /* UIKit.framework */ = {isa = PBXFileReference; lastKnownFileType = wrapper.framework; name = UIKit.framework; path = System/Library/Frameworks/UIKit.framework; sourceTree = SDKROOT; };
		3A812DC31D2BF30D00F901CB /* Foundation.framework */ = {isa = PBXFileReference; lastKnownFileType = wrapper.framework; name = Foundation.framework; path = System/Library/Frameworks/Foundation.framework; sourceTree = SDKROOT; };
		3A812DC51D2BF3CC00F901CB /* demoPaypal-Bridge-Header.h */ = {isa = PBXFileReference; lastKnownFileType = sourcecode.c.h; path = "demoPaypal-Bridge-Header.h"; sourceTree = "<group>"; };
/* End PBXFileReference section */

/* Begin PBXFrameworksBuildPhase section */
		3A812D931D2BC8E500F901CB /* Frameworks */ = {
			isa = PBXFrameworksBuildPhase;
			buildActionMask = 2147483647;
			files = (
				3A812DC41D2BF30D00F901CB /* Foundation.framework in Frameworks */,
				3A812DBE1D2BF2FD00F901CB /* AddressBook.framework in Frameworks */,
				3A812DBF1D2BF2FD00F901CB /* CoreGraphics.framework in Frameworks */,
				3A812DC01D2BF2FD00F901CB /* Security.framework in Frameworks */,
				3A812DC11D2BF2FD00F901CB /* SystemConfiguration.framework in Frameworks */,
				3A812DC21D2BF2FD00F901CB /* UIKit.framework in Frameworks */,
				3A812DB71D2BF29200F901CB /* libPayPalMPL.a in Frameworks */,
			);
			runOnlyForDeploymentPostprocessing = 0;
		};
/* End PBXFrameworksBuildPhase section */

/* Begin PBXGroup section */
		3A812D8D1D2BC8E500F901CB = {
			isa = PBXGroup;
			children = (
				3A812D981D2BC8E500F901CB /* demoPaypal */,
				3A812D971D2BC8E500F901CB /* Products */,
			);
			sourceTree = "<group>";
		};
		3A812D971D2BC8E500F901CB /* Products */ = {
			isa = PBXGroup;
			children = (
				3A812D961D2BC8E500F901CB /* demoPaypal.app */,
			);
			name = Products;
			sourceTree = "<group>";
		};
		3A812D981D2BC8E500F901CB /* demoPaypal */ = {
			isa = PBXGroup;
			children = (
				3A812DB81D2BF2AE00F901CB /* Framework */,
				3A812DAB1D2BF29200F901CB /* Library */,
				3A812D991D2BC8E500F901CB /* AppDelegate.swift */,
				3A812D9B1D2BC8E500F901CB /* ViewController.swift */,
				3A812D9D1D2BC8E500F901CB /* Main.storyboard */,
				3A812DA01D2BC8E500F901CB /* Assets.xcassets */,
				3A812DA21D2BC8E500F901CB /* LaunchScreen.storyboard */,
				3A812DA51D2BC8E500F901CB /* Info.plist */,
				3A812DC51D2BF3CC00F901CB /* demoPaypal-Bridge-Header.h */,
			);
			path = demoPaypal;
			sourceTree = "<group>";
		};
		3A812DAB1D2BF29200F901CB /* Library */ = {
			isa = PBXGroup;
			children = (
				3A812DAC1D2BF29200F901CB /* libPayPalMPL.a */,
				3A812DAD1D2BF29200F901CB /* PayPal.h */,
				3A812DAE1D2BF29200F901CB /* PayPalAddress.h */,
				3A812DAF1D2BF29200F901CB /* PayPalAdvancedPayment.h */,
				3A812DB01D2BF29200F901CB /* PayPalAmounts.h */,
				3A812DB11D2BF29200F901CB /* PayPalInvoiceData.h */,
				3A812DB21D2BF29200F901CB /* PayPalInvoiceItem.h */,
				3A812DB31D2BF29200F901CB /* PayPalPayment.h */,
				3A812DB41D2BF29200F901CB /* PayPalPreapprovalDetails.h */,
				3A812DB51D2BF29200F901CB /* PayPalReceiverAmounts.h */,
				3A812DB61D2BF29200F901CB /* PayPalReceiverPaymentDetails.h */,
			);
			path = Library;
			sourceTree = "<group>";
		};
		3A812DB81D2BF2AE00F901CB /* Framework */ = {
			isa = PBXGroup;
			children = (
				3A812DC31D2BF30D00F901CB /* Foundation.framework */,
				3A812DB91D2BF2FD00F901CB /* AddressBook.framework */,
				3A812DBA1D2BF2FD00F901CB /* CoreGraphics.framework */,
				3A812DBB1D2BF2FD00F901CB /* Security.framework */,
				3A812DBC1D2BF2FD00F901CB /* SystemConfiguration.framework */,
				3A812DBD1D2BF2FD00F901CB /* UIKit.framework */,
			);
			path = Framework;
			sourceTree = "<group>";
		};
/* End PBXGroup section */

/* Begin PBXNativeTarget section */
		3A812D951D2BC8E500F901CB /* demoPaypal */ = {
			isa = PBXNativeTarget;
			buildConfigurationList = 3A812DA81D2BC8E500F901CB /* Build configuration list for PBXNativeTarget "demoPaypal" */;
			buildPhases = (
				3A812D921D2BC8E500F901CB /* Sources */,
				3A812D931D2BC8E500F901CB /* Frameworks */,
				3A812D941D2BC8E500F901CB /* Resources */,
			);
			buildRules = (
			);
			dependencies = (
			);
			name = demoPaypal;
			productName = demoPaypal;
			productReference = 3A812D961D2BC8E500F901CB /* demoPaypal.app */;
			productType = "com.apple.product-type.application";
		};
/* End PBXNativeTarget section */

/* Begin PBXProject section */
		3A812D8E1D2BC8E500F901CB /* Project object */ = {
			isa = PBXProject;
			attributes = {
				LastSwiftUpdateCheck = 0730;
				LastUpgradeCheck = 0730;
				ORGANIZATIONNAME = "Atal Bansal";
				TargetAttributes = {
					3A812D951D2BC8E500F901CB = {
						CreatedOnToolsVersion = 7.3.1;
					};
				};
			};
			buildConfigurationList = 3A812D911D2BC8E500F901CB /* Build configuration list for PBXProject "demoPaypal" */;
			compatibilityVersion = "Xcode 3.2";
			developmentRegion = English;
			hasScannedForEncodings = 0;
			knownRegions = (
				en,
				Base,
			);
			mainGroup = 3A812D8D1D2BC8E500F901CB;
			productRefGroup = 3A812D971D2BC8E500F901CB /* Products */;
			projectDirPath = "";
			projectRoot = "";
			targets = (
				3A812D951D2BC8E500F901CB /* demoPaypal */,
			);
		};
/* End PBXProject section */

/* Begin PBXResourcesBuildPhase section */
		3A812D941D2BC8E500F901CB /* Resources */ = {
			isa = PBXResourcesBuildPhase;
			buildActionMask = 2147483647;
			files = (
				3A812DA41D2BC8E500F901CB /* LaunchScreen.storyboard in Resources */,
				3A812DA11D2BC8E500F901CB /* Assets.xcassets in Resources */,
				3A812D9F1D2BC8E500F901CB /* Main.storyboard in Resources */,
			);
			runOnlyForDeploymentPostprocessing = 0;
		};
/* End PBXResourcesBuildPhase section */

/* Begin PBXSourcesBuildPhase section */
		3A812D921D2BC8E500F901CB /* Sources */ = {
			isa = PBXSourcesBuildPhase;
			buildActionMask = 2147483647;
			files = (
				3A812D9C1D2BC8E500F901CB /* ViewController.swift in Sources */,
				3A812D9A1D2BC8E500F901CB /* AppDelegate.swift in Sources */,
			);
			runOnlyForDeploymentPostprocessing = 0;
		};
/* End PBXSourcesBuildPhase section */

/* Begin PBXVariantGroup section */
		3A812D9D1D2BC8E500F901CB /* Main.storyboard */ = {
			isa = PBXVariantGroup;
			children = (
				3A812D9E1D2BC8E500F901CB /* Base */,
			);
			name = Main.storyboard;
			sourceTree = "<group>";
		};
		3A812DA21D2BC8E500F901CB /* LaunchScreen.storyboard */ = {
			isa = PBXVariantGroup;
			children = (
				3A812DA31D2BC8E500F901CB /* Base */,
			);
			name = LaunchScreen.storyboard;
			sourceTree = "<group>";
		};
/* End PBXVariantGroup section */

/* Begin XCBuildConfiguration section */
		3A812DA61D2BC8E500F901CB /* Debug */ = {
			isa = XCBuildConfiguration;
			buildSettings = {
				ALWAYS_SEARCH_USER_PATHS = NO;
				CLANG_ANALYZER_NONNULL = YES;
				CLANG_CXX_LANGUAGE_STANDARD = "gnu++0x";
				CLANG_CXX_LIBRARY = "libc++";
				CLANG_ENABLE_MODULES = YES;
				CLANG_ENABLE_OBJC_ARC = YES;
				CLANG_WARN_BOOL_CONVERSION = YES;
				CLANG_WARN_CONSTANT_CONVERSION = YES;
				CLANG_WARN_DIRECT_OBJC_ISA_USAGE = YES_ERROR;
				CLANG_WARN_EMPTY_BODY = YES;
				CLANG_WARN_ENUM_CONVERSION = YES;
				CLANG_WARN_INT_CONVERSION = YES;
				CLANG_WARN_OBJC_ROOT_CLASS = YES_ERROR;
				CLANG_WARN_UNREACHABLE_CODE = YES;
				CLANG_WARN__DUPLICATE_METHOD_MATCH = YES;
				"CODE_SIGN_IDENTITY[sdk=iphoneos*]" = "iPhone Developer";
				COPY_PHASE_STRIP = NO;
				DEBUG_INFORMATION_FORMAT = dwarf;
				ENABLE_STRICT_OBJC_MSGSEND = YES;
				ENABLE_TESTABILITY = YES;
				GCC_C_LANGUAGE_STANDARD = gnu99;
				GCC_DYNAMIC_NO_PIC = NO;
				GCC_NO_COMMON_BLOCKS = YES;
				GCC_OPTIMIZATION_LEVEL = 0;
				GCC_PREPROCESSOR_DEFINITIONS = (
					"DEBUG=1",
					"$(inherited)",
				);
				GCC_WARN_64_TO_32_BIT_CONVERSION = YES;
				GCC_WARN_ABOUT_RETURN_TYPE = YES_ERROR;
				GCC_WARN_UNDECLARED_SELECTOR = YES;
				GCC_WARN_UNINITIALIZED_AUTOS = YES_AGGRESSIVE;
				GCC_WARN_UNUSED_FUNCTION = YES;
				GCC_WARN_UNUSED_VARIABLE = YES;
				IPHONEOS_DEPLOYMENT_TARGET = 9.3;
				MTL_ENABLE_DEBUG_INFO = YES;
				ONLY_ACTIVE_ARCH = YES;
				SDKROOT = iphoneos;
				SWIFT_OPTIMIZATION_LEVEL = "-Onone";
			};
			name = Debug;
		};
		3A812DA71D2BC8E500F901CB /* Release */ = {
			isa = XCBuildConfiguration;
			buildSettings = {
				ALWAYS_SEARCH_USER_PATHS = NO;
				CLANG_ANALYZER_NONNULL = YES;
				CLANG_CXX_LANGUAGE_STANDARD = "gnu++0x";
				CLANG_CXX_LIBRARY = "libc++";
				CLANG_ENABLE_MODULES = YES;
				CLANG_ENABLE_OBJC_ARC = YES;
				CLANG_WARN_BOOL_CONVERSION = YES;
				CLANG_WARN_CONSTANT_CONVERSION = YES;
				CLANG_WARN_DIRECT_OBJC_ISA_USAGE = YES_ERROR;
				CLANG_WARN_EMPTY_BODY = YES;
				CLANG_WARN_ENUM_CONVERSION = YES;
				CLANG_WARN_INT_CONVERSION = YES;
				CLANG_WARN_OBJC_ROOT_CLASS = YES_ERROR;
				CLANG_WARN_UNREACHABLE_CODE = YES;
				CLANG_WARN__DUPLICATE_METHOD_MATCH = YES;
				"CODE_SIGN_IDENTITY[sdk=iphoneos*]" = "iPhone Developer";
				COPY_PHASE_STRIP = NO;
				DEBUG_INFORMATION_FORMAT = "dwarf-with-dsym";
				ENABLE_NS_ASSERTIONS = NO;
				ENABLE_STRICT_OBJC_MSGSEND = YES;
				GCC_C_LANGUAGE_STANDARD = gnu99;
				GCC_NO_COMMON_BLOCKS = YES;
				GCC_WARN_64_TO_32_BIT_CONVERSION = YES;
				GCC_WARN_ABOUT_RETURN_TYPE = YES_ERROR;
				GCC_WARN_UNDECLARED_SELECTOR = YES;
				GCC_WARN_UNINITIALIZED_AUTOS = YES_AGGRESSIVE;
				GCC_WARN_UNUSED_FUNCTION = YES;
				GCC_WARN_UNUSED_VARIABLE = YES;
				IPHONEOS_DEPLOYMENT_TARGET = 9.3;
				MTL_ENABLE_DEBUG_INFO = NO;
				SDKROOT = iphoneos;
				VALIDATE_PRODUCT = YES;
			};
			name = Release;
		};
		3A812DA91D2BC8E500F901CB /* Debug */ = {
			isa = XCBuildConfiguration;
			buildSettings = {
				ASSETCATALOG_COMPILER_APPICON_NAME = AppIcon;
				INFOPLIST_FILE = demoPaypal/Info.plist;
				LD_RUNPATH_SEARCH_PATHS = "$(inherited) @executable_path/Frameworks";
				LIBRARY_SEARCH_PATHS = (
					"$(inherited)",
					"$(PROJECT_DIR)/demoPaypal/Library",
				);
				PRODUCT_BUNDLE_IDENTIFIER = com.atApp.demoPaypal;
				PRODUCT_NAME = "$(TARGET_NAME)";
				SWIFT_OBJC_BRIDGING_HEADER = "/Users/Chetu/Desktop/AT/demoPaypal/demoPaypal/demoPaypal-Bridge-Header.h";
			};
			name = Debug;
		};
		3A812DAA1D2BC8E500F901CB /* Release */ = {
			isa = XCBuildConfiguration;
			buildSettings = {
				ASSETCATALOG_COMPILER_APPICON_NAME = AppIcon;
				INFOPLIST_FILE = demoPaypal/Info.plist;
				LD_RUNPATH_SEARCH_PATHS = "$(inherited) @executable_path/Frameworks";
				LIBRARY_SEARCH_PATHS = (
					"$(inherited)",
					"$(PROJECT_DIR)/demoPaypal/Library",
				);
				PRODUCT_BUNDLE_IDENTIFIER = com.atApp.demoPaypal;
				PRODUCT_NAME = "$(TARGET_NAME)";
				SWIFT_OBJC_BRIDGING_HEADER = "/Users/Chetu/Desktop/AT/demoPaypal/demoPaypal/demoPaypal-Bridge-Header.h";
			};
			name = Release;
		};
/* End XCBuildConfiguration section */

/* Begin XCConfigurationList section */
		3A812D911D2BC8E500F901CB /* Build configuration list for PBXProject "demoPaypal" */ = {
			isa = XCConfigurationList;
			buildConfigurations = (
				3A812DA61D2BC8E500F901CB /* Debug */,
				3A812DA71D2BC8E500F901CB /* Release */,
			);
			defaultConfigurationIsVisible = 0;
			defaultConfigurationName = Release;
		};
		3A812DA81D2BC8E500F901CB /* Build configuration list for PBXNativeTarget "demoPaypal" */ = {
			isa = XCConfigurationList;
			buildConfigurations = (
				3A812DA91D2BC8E500F901CB /* Debug */,
				3A812DAA1D2BC8E500F901CB /* Release */,
			);
			defaultConfigurationIsVisible = 0;
			defaultConfigurationName = Release;
		};
/* End XCConfigurationList section */
	};
	rootObject = 3A812D8E1D2BC8E500F901CB /* Project object */;
}
